// !$*UTF8*$!
{
	archiveVersion = 1;
	classes = {
	};
	objectVersion = 55;
	objects = {

/* Begin PBXBuildFile section */
		E916C30229972DE400CC8220 /* HelloWorldApp.swift in Sources */ = {isa = PBXBuildFile; fileRef = E916C30129972DE400CC8220 /* HelloWorldApp.swift */; };
		E916C30429972DE400CC8220 /* ContentView.swift in Sources */ = {isa = PBXBuildFile; fileRef = E916C30329972DE400CC8220 /* ContentView.swift */; };
		E916C30629972DE400CC8220 /* Assets.xcassets in Resources */ = {isa = PBXBuildFile; fileRef = E916C30529972DE400CC8220 /* Assets.xcassets */; };
		E916C30929972DE400CC8220 /* Preview Assets.xcassets in Resources */ = {isa = PBXBuildFile; fileRef = E916C30829972DE400CC8220 /* Preview Assets.xcassets */; };
		E965ACB6299F2A0D00D9A491 /* Restaurant.swift in Sources */ = {isa = PBXBuildFile; fileRef = E965ACB5299F2A0D00D9A491 /* Restaurant.swift */; };
		E9716ABB299DEA3B000AEE33 /* StackDemo.swift in Sources */ = {isa = PBXBuildFile; fileRef = E9716ABA299DEA3B000AEE33 /* StackDemo.swift */; };
		E9716ABD299DEED1000AEE33 /* StackExercise.swift in Sources */ = {isa = PBXBuildFile; fileRef = E9716ABC299DEED1000AEE33 /* StackExercise.swift */; };
		E9716ABF299DF4C6000AEE33 /* ListExample.swift in Sources */ = {isa = PBXBuildFile; fileRef = E9716ABE299DF4C6000AEE33 /* ListExample.swift */; };
		E9716AC1299DFB5F000AEE33 /* CustomList.swift in Sources */ = {isa = PBXBuildFile; fileRef = E9716AC0299DFB5F000AEE33 /* CustomList.swift */; };
		E9716AC3299DFED6000AEE33 /* ListEx02.swift in Sources */ = {isa = PBXBuildFile; fileRef = E9716AC2299DFED6000AEE33 /* ListEx02.swift */; };
/* End PBXBuildFile section */

/* Begin PBXFileReference section */
		E916C2FE29972DE400CC8220 /* HelloWorld.app */ = {isa = PBXFileReference; explicitFileType = wrapper.application; includeInIndex = 0; path = HelloWorld.app; sourceTree = BUILT_PRODUCTS_DIR; };
		E916C30129972DE400CC8220 /* HelloWorldApp.swift */ = {isa = PBXFileReference; lastKnownFileType = sourcecode.swift; path = HelloWorldApp.swift; sourceTree = "<group>"; };
		E916C30329972DE400CC8220 /* ContentView.swift */ = {isa = PBXFileReference; lastKnownFileType = sourcecode.swift; path = ContentView.swift; sourceTree = "<group>"; };
		E916C30529972DE400CC8220 /* Assets.xcassets */ = {isa = PBXFileReference; lastKnownFileType = folder.assetcatalog; path = Assets.xcassets; sourceTree = "<group>"; };
		E916C30829972DE400CC8220 /* Preview Assets.xcassets */ = {isa = PBXFileReference; lastKnownFileType = folder.assetcatalog; path = "Preview Assets.xcassets"; sourceTree = "<group>"; };
		E965ACB5299F2A0D00D9A491 /* Restaurant.swift */ = {isa = PBXFileReference; lastKnownFileType = sourcecode.swift; path = Restaurant.swift; sourceTree = "<group>"; };
		E9716ABA299DEA3B000AEE33 /* StackDemo.swift */ = {isa = PBXFileReference; lastKnownFileType = sourcecode.swift; path = StackDemo.swift; sourceTree = "<group>"; };
		E9716ABC299DEED1000AEE33 /* StackExercise.swift */ = {isa = PBXFileReference; lastKnownFileType = sourcecode.swift; path = StackExercise.swift; sourceTree = "<group>"; };
		E9716ABE299DF4C6000AEE33 /* ListExample.swift */ = {isa = PBXFileReference; lastKnownFileType = sourcecode.swift; path = ListExample.swift; sourceTree = "<group>"; };
		E9716AC0299DFB5F000AEE33 /* CustomList.swift */ = {isa = PBXFileReference; lastKnownFileType = sourcecode.swift; path = CustomList.swift; sourceTree = "<group>"; };
		E9716AC2299DFED6000AEE33 /* ListEx02.swift */ = {isa = PBXFileReference; lastKnownFileType = sourcecode.swift; path = ListEx02.swift; sourceTree = "<group>"; };
/* End PBXFileReference section */

/* Begin PBXFrameworksBuildPhase section */
		E916C2FB29972DE400CC8220 /* Frameworks */ = {
			isa = PBXFrameworksBuildPhase;
			buildActionMask = 2147483647;
			files = (
			);
			runOnlyForDeploymentPostprocessing = 0;
		};
/* End PBXFrameworksBuildPhase section */

/* Begin PBXGroup section */
		E916C2F529972DE400CC8220 = {
			isa = PBXGroup;
			children = (
				E916C30029972DE400CC8220 /* HelloWorld */,
				E916C2FF29972DE400CC8220 /* Products */,
			);
			sourceTree = "<group>";
		};
		E916C2FF29972DE400CC8220 /* Products */ = {
			isa = PBXGroup;
			children = (
				E916C2FE29972DE400CC8220 /* HelloWorld.app */,
			);
			name = Products;
			sourceTree = "<group>";
		};
		E916C30029972DE400CC8220 /* HelloWorld */ = {
			isa = PBXGroup;
			children = (
				E965ACB4299F29D900D9A491 /* View */,
				E965ACB3299F29D000D9A491 /* Model */,
				E916C30129972DE400CC8220 /* HelloWorldApp.swift */,
				E916C30329972DE400CC8220 /* ContentView.swift */,
				E916C30529972DE400CC8220 /* Assets.xcassets */,
				E916C30729972DE400CC8220 /* Preview Content */,
			);
			path = HelloWorld;
			sourceTree = "<group>";
		};
		E916C30729972DE400CC8220 /* Preview Content */ = {
			isa = PBXGroup;
			children = (
				E916C30829972DE400CC8220 /* Preview Assets.xcassets */,
			);
			path = "Preview Content";
			sourceTree = "<group>";
		};
		E965ACB3299F29D000D9A491 /* Model */ = {
			isa = PBXGroup;
			children = (
				E965ACB5299F2A0D00D9A491 /* Restaurant.swift */,
			);
			path = Model;
			sourceTree = "<group>";
		};
		E965ACB4299F29D900D9A491 /* View */ = {
			isa = PBXGroup;
			children = (
				E9716ABA299DEA3B000AEE33 /* StackDemo.swift */,
				E9716ABC299DEED1000AEE33 /* StackExercise.swift */,
				E9716ABE299DF4C6000AEE33 /* ListExample.swift */,
				E9716AC0299DFB5F000AEE33 /* CustomList.swift */,
				E9716AC2299DFED6000AEE33 /* ListEx02.swift */,
			);
			path = View;
			sourceTree = "<group>";
		};
/* End PBXGroup section */

/* Begin PBXNativeTarget section */
		E916C2FD29972DE400CC8220 /* HelloWorld */ = {
			isa = PBXNativeTarget;
			buildConfigurationList = E916C30C29972DE400CC8220 /* Build configuration list for PBXNativeTarget "HelloWorld" */;
			buildPhases = (
				E916C2FA29972DE400CC8220 /* Sources */,
				E916C2FB29972DE400CC8220 /* Frameworks */,
				E916C2FC29972DE400CC8220 /* Resources */,
			);
			buildRules = (
			);
			dependencies = (
			);
			name = HelloWorld;
			productName = HelloWorld;
			productReference = E916C2FE29972DE400CC8220 /* HelloWorld.app */;
			productType = "com.apple.product-type.application";
		};
/* End PBXNativeTarget section */

/* Begin PBXProject section */
		E916C2F629972DE400CC8220 /* Project object */ = {
			isa = PBXProject;
			attributes = {
				BuildIndependentTargetsInParallel = 1;
				LastSwiftUpdateCheck = 1320;
				LastUpgradeCheck = 1320;
				TargetAttributes = {
					E916C2FD29972DE400CC8220 = {
						CreatedOnToolsVersion = 13.2.1;
					};
				};
			};
			buildConfigurationList = E916C2F929972DE400CC8220 /* Build configuration list for PBXProject "HelloWorld" */;
			compatibilityVersion = "Xcode 13.0";
			developmentRegion = en;
			hasScannedForEncodings = 0;
			knownRegions = (
				en,
				Base,
			);
			mainGroup = E916C2F529972DE400CC8220;
			productRefGroup = E916C2FF29972DE400CC8220 /* Products */;
			projectDirPath = "";
			projectRoot = "";
			targets = (
				E916C2FD29972DE400CC8220 /* HelloWorld */,
			);
		};
/* End PBXProject section */

/* Begin PBXResourcesBuildPhase section */
		E916C2FC29972DE400CC8220 /* Resources */ = {
			isa = PBXResourcesBuildPhase;
			buildActionMask = 2147483647;
			files = (
				E916C30929972DE400CC8220 /* Preview Assets.xcassets in Resources */,
				E916C30629972DE400CC8220 /* Assets.xcassets in Resources */,
			);
			runOnlyForDeploymentPostprocessing = 0;
		};
/* End PBXResourcesBuildPhase section */

/* Begin PBXSourcesBuildPhase section */
		E916C2FA29972DE400CC8220 /* Sources */ = {
			isa = PBXSourcesBuildPhase;
			buildActionMask = 2147483647;
			files = (
				E9716ABD299DEED1000AEE33 /* StackExercise.swift in Sources */,
				E9716ABB299DEA3B000AEE33 /* StackDemo.swift in Sources */,
				E916C30429972DE400CC8220 /* ContentView.swift in Sources */,
				E916C30229972DE400CC8220 /* HelloWorldApp.swift in Sources */,
				E965ACB6299F2A0D00D9A491 /* Restaurant.swift in Sources */,
				E9716AC1299DFB5F000AEE33 /* CustomList.swift in Sources */,
				E9716ABF299DF4C6000AEE33 /* ListExample.swift in Sources */,
				E9716AC3299DFED6000AEE33 /* ListEx02.swift in Sources */,
			);
			runOnlyForDeploymentPostprocessing = 0;
		};
/* End PBXSourcesBuildPhase section */

/* Begin XCBuildConfiguration section */
		E916C30A29972DE400CC8220 /* Debug */ = {
			isa = XCBuildConfiguration;
			buildSettings = {
				ALWAYS_SEARCH_USER_PATHS = NO;
				CLANG_ANALYZER_NONNULL = YES;
				CLANG_ANALYZER_NUMBER_OBJECT_CONVERSION = YES_AGGRESSIVE;
				CLANG_CXX_LANGUAGE_STANDARD = "gnu++17";
				CLANG_CXX_LIBRARY = "libc++";
				CLANG_ENABLE_MODULES = YES;
				CLANG_ENABLE_OBJC_ARC = YES;
				CLANG_ENABLE_OBJC_WEAK = YES;
				CLANG_WARN_BLOCK_CAPTURE_AUTORELEASING = YES;
				CLANG_WARN_BOOL_CONVERSION = YES;
				CLANG_WARN_COMMA = YES;
				CLANG_WARN_CONSTANT_CONVERSION = YES;
				CLANG_WARN_DEPRECATED_OBJC_IMPLEMENTATIONS = YES;
				CLANG_WARN_DIRECT_OBJC_ISA_USAGE = YES_ERROR;
				CLANG_WARN_DOCUMENTATION_COMMENTS = YES;
				CLANG_WARN_EMPTY_BODY = YES;
				CLANG_WARN_ENUM_CONVERSION = YES;
				CLANG_WARN_INFINITE_RECURSION = YES;
				CLANG_WARN_INT_CONVERSION = YES;
				CLANG_WARN_NON_LITERAL_NULL_CONVERSION = YES;
				CLANG_WARN_OBJC_IMPLICIT_RETAIN_SELF = YES;
				CLANG_WARN_OBJC_LITERAL_CONVERSION = YES;
				CLANG_WARN_OBJC_ROOT_CLASS = YES_ERROR;
				CLANG_WARN_QUOTED_INCLUDE_IN_FRAMEWORK_HEADER = YES;
				CLANG_WARN_RANGE_LOOP_ANALYSIS = YES;
				CLANG_WARN_STRICT_PROTOTYPES = YES;
				CLANG_WARN_SUSPICIOUS_MOVE = YES;
				CLANG_WARN_UNGUARDED_AVAILABILITY = YES_AGGRESSIVE;
				CLANG_WARN_UNREACHABLE_CODE = YES;
				CLANG_WARN__DUPLICATE_METHOD_MATCH = YES;
				COPY_PHASE_STRIP = NO;
				DEBUG_INFORMATION_FORMAT = dwarf;
				ENABLE_STRICT_OBJC_MSGSEND = YES;
				ENABLE_TESTABILITY = YES;
				GCC_C_LANGUAGE_STANDARD = gnu11;
				GCC_DYNAMIC_NO_PIC = NO;
				GCC_NO_COMMON_BLOCKS = YES;
				GCC_OPTIMIZATION_LEVEL = 0;
				GCC_PREPROCESSOR_DEFINITIONS = (
					"DEBUG=1",
					"$(inherited)",
				);
				GCC_WARN_64_TO_32_BIT_CONVERSION = YES;
				GCC_WARN_ABOUT_RETURN_TYPE = YES_ERROR;
				GCC_WARN_UNDECLARED_SELECTOR = YES;
				GCC_WARN_UNINITIALIZED_AUTOS = YES_AGGRESSIVE;
				GCC_WARN_UNUSED_FUNCTION = YES;
				GCC_WARN_UNUSED_VARIABLE = YES;
				IPHONEOS_DEPLOYMENT_TARGET = 15.2;
				MTL_ENABLE_DEBUG_INFO = INCLUDE_SOURCE;
				MTL_FAST_MATH = YES;
				ONLY_ACTIVE_ARCH = YES;
				SDKROOT = iphoneos;
				SWIFT_ACTIVE_COMPILATION_CONDITIONS = DEBUG;
				SWIFT_OPTIMIZATION_LEVEL = "-Onone";
			};
			name = Debug;
		};
		E916C30B29972DE400CC8220 /* Release */ = {
			isa = XCBuildConfiguration;
			buildSettings = {
				ALWAYS_SEARCH_USER_PATHS = NO;
				CLANG_ANALYZER_NONNULL = YES;
				CLANG_ANALYZER_NUMBER_OBJECT_CONVERSION = YES_AGGRESSIVE;
				CLANG_CXX_LANGUAGE_STANDARD = "gnu++17";
				CLANG_CXX_LIBRARY = "libc++";
				CLANG_ENABLE_MODULES = YES;
				CLANG_ENABLE_OBJC_ARC = YES;
				CLANG_ENABLE_OBJC_WEAK = YES;
				CLANG_WARN_BLOCK_CAPTURE_AUTORELEASING = YES;
				CLANG_WARN_BOOL_CONVERSION = YES;
				CLANG_WARN_COMMA = YES;
				CLANG_WARN_CONSTANT_CONVERSION = YES;
				CLANG_WARN_DEPRECATED_OBJC_IMPLEMENTATIONS = YES;
				CLANG_WARN_DIRECT_OBJC_ISA_USAGE = YES_ERROR;
				CLANG_WARN_DOCUMENTATION_COMMENTS = YES;
				CLANG_WARN_EMPTY_BODY = YES;
				CLANG_WARN_ENUM_CONVERSION = YES;
				CLANG_WARN_INFINITE_RECURSION = YES;
				CLANG_WARN_INT_CONVERSION = YES;
				CLANG_WARN_NON_LITERAL_NULL_CONVERSION = YES;
				CLANG_WARN_OBJC_IMPLICIT_RETAIN_SELF = YES;
				CLANG_WARN_OBJC_LITERAL_CONVERSION = YES;
				CLANG_WARN_OBJC_ROOT_CLASS = YES_ERROR;
				CLANG_WARN_QUOTED_INCLUDE_IN_FRAMEWORK_HEADER = YES;
				CLANG_WARN_RANGE_LOOP_ANALYSIS = YES;
				CLANG_WARN_STRICT_PROTOTYPES = YES;
				CLANG_WARN_SUSPICIOUS_MOVE = YES;
				CLANG_WARN_UNGUARDED_AVAILABILITY = YES_AGGRESSIVE;
				CLANG_WARN_UNREACHABLE_CODE = YES;
				CLANG_WARN__DUPLICATE_METHOD_MATCH = YES;
				COPY_PHASE_STRIP = NO;
				DEBUG_INFORMATION_FORMAT = "dwarf-with-dsym";
				ENABLE_NS_ASSERTIONS = NO;
				ENABLE_STRICT_OBJC_MSGSEND = YES;
				GCC_C_LANGUAGE_STANDARD = gnu11;
				GCC_NO_COMMON_BLOCKS = YES;
				GCC_WARN_64_TO_32_BIT_CONVERSION = YES;
				GCC_WARN_ABOUT_RETURN_TYPE = YES_ERROR;
				GCC_WARN_UNDECLARED_SELECTOR = YES;
				GCC_WARN_UNINITIALIZED_AUTOS = YES_AGGRESSIVE;
				GCC_WARN_UNUSED_FUNCTION = YES;
				GCC_WARN_UNUSED_VARIABLE = YES;
				IPHONEOS_DEPLOYMENT_TARGET = 15.2;
				MTL_ENABLE_DEBUG_INFO = NO;
				MTL_FAST_MATH = YES;
				SDKROOT = iphoneos;
				SWIFT_COMPILATION_MODE = wholemodule;
				SWIFT_OPTIMIZATION_LEVEL = "-O";
				VALIDATE_PRODUCT = YES;
			};
			name = Release;
		};
		E916C30D29972DE400CC8220 /* Debug */ = {
			isa = XCBuildConfiguration;
			buildSettings = {
				ASSETCATALOG_COMPILER_APPICON_NAME = AppIcon;
				ASSETCATALOG_COMPILER_GLOBAL_ACCENT_COLOR_NAME = AccentColor;
				CODE_SIGN_STYLE = Automatic;
				CURRENT_PROJECT_VERSION = 1;
				DEVELOPMENT_ASSET_PATHS = "\"HelloWorld/Preview Content\"";
				DEVELOPMENT_TEAM = T45GT6RRT6;
				ENABLE_PREVIEWS = YES;
				GENERATE_INFOPLIST_FILE = YES;
				INFOPLIST_KEY_UIApplicationSceneManifest_Generation = YES;
				INFOPLIST_KEY_UIApplicationSupportsIndirectInputEvents = YES;
				INFOPLIST_KEY_UILaunchScreen_Generation = YES;
				INFOPLIST_KEY_UISupportedInterfaceOrientations_iPad = "UIInterfaceOrientationPortrait UIInterfaceOrientationPortraitUpsideDown UIInterfaceOrientationLandscapeLeft UIInterfaceOrientationLandscapeRight";
				INFOPLIST_KEY_UISupportedInterfaceOrientations_iPhone = "UIInterfaceOrientationPortrait UIInterfaceOrientationLandscapeLeft UIInterfaceOrientationLandscapeRight";
				LD_RUNPATH_SEARCH_PATHS = (
					"$(inherited)",
					"@executable_path/Frameworks",
				);
				MARKETING_VERSION = 1.0;
				PRODUCT_BUNDLE_IDENTIFIER = com.roberthoang.HelloWorld;
				PRODUCT_NAME = "$(TARGET_NAME)";
				SWIFT_EMIT_LOC_STRINGS = YES;
				SWIFT_VERSION = 5.0;
				TARGETED_DEVICE_FAMILY = "1,2";
			};
			name = Debug;
		};
		E916C30E29972DE400CC8220 /* Release */ = {
			isa = XCBuildConfiguration;
			buildSettings = {
				ASSETCATALOG_COMPILER_APPICON_NAME = AppIcon;
				ASSETCATALOG_COMPILER_GLOBAL_ACCENT_COLOR_NAME = AccentColor;
				CODE_SIGN_STYLE = Automatic;
				CURRENT_PROJECT_VERSION = 1;
				DEVELOPMENT_ASSET_PATHS = "\"HelloWorld/Preview Content\"";
				DEVELOPMENT_TEAM = T45GT6RRT6;
				ENABLE_PREVIEWS = YES;
				GENERATE_INFOPLIST_FILE = YES;
				INFOPLIST_KEY_UIApplicationSceneManifest_Generation = YES;
				INFOPLIST_KEY_UIApplicationSupportsIndirectInputEvents = YES;
				INFOPLIST_KEY_UILaunchScreen_Generation = YES;
				INFOPLIST_KEY_UISupportedInterfaceOrientations_iPad = "UIInterfaceOrientationPortrait UIInterfaceOrientationPortraitUpsideDown UIInterfaceOrientationLandscapeLeft UIInterfaceOrientationLandscapeRight";
				INFOPLIST_KEY_UISupportedInterfaceOrientations_iPhone = "UIInterfaceOrientationPortrait UIInterfaceOrientationLandscapeLeft UIInterfaceOrientationLandscapeRight";
				LD_RUNPATH_SEARCH_PATHS = (
					"$(inherited)",
					"@executable_path/Frameworks",
				);
				MARKETING_VERSION = 1.0;
				PRODUCT_BUNDLE_IDENTIFIER = com.roberthoang.HelloWorld;
				PRODUCT_NAME = "$(TARGET_NAME)";
				SWIFT_EMIT_LOC_STRINGS = YES;
				SWIFT_VERSION = 5.0;
				TARGETED_DEVICE_FAMILY = "1,2";
			};
			name = Release;
		};
/* End XCBuildConfiguration section */

/* Begin XCConfigurationList section */
		E916C2F929972DE400CC8220 /* Build configuration list for PBXProject "HelloWorld" */ = {
			isa = XCConfigurationList;
			buildConfigurations = (
				E916C30A29972DE400CC8220 /* Debug */,
				E916C30B29972DE400CC8220 /* Release */,
			);
			defaultConfigurationIsVisible = 0;
			defaultConfigurationName = Release;
		};
		E916C30C29972DE400CC8220 /* Build configuration list for PBXNativeTarget "HelloWorld" */ = {
			isa = XCConfigurationList;
			buildConfigurations = (
				E916C30D29972DE400CC8220 /* Debug */,
				E916C30E29972DE400CC8220 /* Release */,
			);
			defaultConfigurationIsVisible = 0;
			defaultConfigurationName = Release;
		};
/* End XCConfigurationList section */
	};
	rootObject = E916C2F629972DE400CC8220 /* Project object */;
}
